
Microsoft Visual Studio Solution File, Format Version 12.00
Project("{FAE04EC0-301F-11D3-BF4B-00C04F79EFBC}") = "Acorazados.Tests", "Acorazados.Tests\Acorazados.Tests.csproj", "{2471AC20-2655-4331-8CD9-E499D6216DF7}"
EndProject
Global
	GlobalSection(SolutionConfigurationPlatforms) = preSolution
		Debug|Any CPU = Debug|Any CPU
		Release|Any CPU = Release|Any CPU
	EndGlobalSection
	GlobalSection(ProjectConfigurationPlatforms) = postSolution
		{2471AC20-2655-4331-8CD9-E499D6216DF7}.Debug|Any CPU.ActiveCfg = Debug|Any CPU
		{2471AC20-2655-4331-8CD9-E499D6216DF7}.Debug|Any CPU.Build.0 = Debug|Any CPU
		{2471AC20-2655-4331-8CD9-E499D6216DF7}.Release|Any CPU.ActiveCfg = Release|Any CPU
		{2471AC20-2655-4331-8CD9-E499D6216DF7}.Release|Any CPU.Build.0 = Release|Any CPU
	EndGlobalSection
EndGlobal
